github.com/google/go-cmp v0.6.0 h1:ofyhxvXcZhMsU5ulbFiLKl/XBFqE1GSq7atu8tAmTRI=
github.com/google/go-cmp v0.6.0/go.mod h1:17dUlkBOakJ0+DkrSSNjCkIjxS6bF9zb3elmeNGIjoY=
github.com/openfaas/faas-provider v0.25.5 h1:qW2izX1otKfbOhArgf1GK9JjTqwBRL4BWioiJJVYH58=
github.com/openfaas/faas-provider v0.25.5/go.mod h1:rMXbj+AYVpn82UoHIOgWHiDeV118t0bSxyoC9d00jpc=
github.com/openfaas/go-sdk v0.2.18 h1:lSsI+GpUVkO6Z+bK75LtNfqSCrOA9n4OQFPMqRGgSeI=
github.com/openfaas/go-sdk v0.2.18/go.mod h1:INay8mhhat7stnJxt5KudR504T2wcc5ARXLKC6wkGcM=
go.uber.org/goleak v1.3.0 h1:2K3zAYmnTNqV73imy9J1T3WC+gmCePx2hEGkimedGto=
go.uber.org/goleak v1.3.0/go.mod h1:CoHD4mav9JJNrW/WLlf7HGZPjdw8EucARQHekz1X6bE=
